
Microsoft Visual Studio Solution File, Format Version 12.00
Project("{FAE04EC0-301F-11D3-BF4B-00C04F79EFBC}") = "WebApp", "WebApp\WebApp.csproj", "{4EF27769-F5CD-4B60-AE4F-203043FED6B0}"
EndProject
Project("{FAE04EC0-301F-11D3-BF4B-00C04F79EFBC}") = "App.Domain", "App.Domain\App.Domain.csproj", "{B4514FD5-00F6-413B-89C8-0DA776A80443}"
EndProject
Project("{FAE04EC0-301F-11D3-BF4B-00C04F79EFBC}") = "Base.Domain", "Base.Domain\Base.Domain.csproj", "{3AA0A65F-E1D3-428D-B886-8B61CFBB314E}"
EndProject
Project("{2150E333-8FDC-42A3-9474-1A3956D46DE8}") = "App", "App", "{3FC9DA82-82DF-4955-93D1-71CF33343213}"
EndProject
Project("{2150E333-8FDC-42A3-9474-1A3956D46DE8}") = "Base", "Base", "{709343D9-9A81-44BA-8D52-FEAD570CD812}"
EndProject
Project("{2150E333-8FDC-42A3-9474-1A3956D46DE8}") = "Solution Items", "Solution Items", "{2040F224-6908-4BEB-8EC9-5ED18CE23F31}"
	ProjectSection(SolutionItems) = preProject
		README.md = README.md
		docker-compose.yml = docker-compose.yml
		Dockerfile = Dockerfile
		.dockerignore = .dockerignore
		Directory.Build.props = Directory.Build.props
		..\gitignore = ..\gitignore
		.gitlab-ci.yml = .gitlab-ci.yml
	EndProjectSection
EndProject
Project("{FAE04EC0-301F-11D3-BF4B-00C04F79EFBC}") = "Base.Contracts.Domain", "Base.Contracts.Domain\Base.Contracts.Domain.csproj", "{5D0BC1CC-2252-483E-BA5D-4017639FFAB4}"
EndProject
Project("{FAE04EC0-301F-11D3-BF4B-00C04F79EFBC}") = "App.DAL.EF", "App.DAL.EF\App.DAL.EF.csproj", "{D712581F-6CA8-4F7B-AAC9-03AE7F17A86F}"
EndProject
Project("{FAE04EC0-301F-11D3-BF4B-00C04F79EFBC}") = "Base.Contracts.DAL", "Base.Contracts.DAL\Base.Contracts.DAL.csproj", "{558DC457-0537-4F60-9AD1-AFCE74F93E08}"
EndProject
Project("{FAE04EC0-301F-11D3-BF4B-00C04F79EFBC}") = "Base.DAL.EF", "Base.DAL.EF\Base.DAL.EF.csproj", "{57FB0194-A73F-4C53-AEFF-3FEBFDFDC75D}"
EndProject
Project("{FAE04EC0-301F-11D3-BF4B-00C04F79EFBC}") = "App.Contracts.DAL", "App.Contracts.DAL\App.Contracts.DAL.csproj", "{066F0861-CCE5-4ED5-B16E-DF2A0BE7AA1A}"
EndProject
Project("{FAE04EC0-301F-11D3-BF4B-00C04F79EFBC}") = "Helpers", "Helpers\Helpers.csproj", "{693406A8-0F89-4594-9141-5523ED47B5E6}"
EndProject
Project("{FAE04EC0-301F-11D3-BF4B-00C04F79EFBC}") = "App.DAL.DTO", "App.DAL.DTO\App.DAL.DTO.csproj", "{A50F293C-CBC8-40A1-B155-C6434109836D}"
EndProject
Project("{FAE04EC0-301F-11D3-BF4B-00C04F79EFBC}") = "Base.Contracts.BLL", "Base.Contracts.BLL\Base.Contracts.BLL.csproj", "{26767F67-E6F9-42CA-A40D-26327A52DC7A}"
EndProject
Project("{FAE04EC0-301F-11D3-BF4B-00C04F79EFBC}") = "Base.BLL", "Base.BLL\Base.BLL.csproj", "{BE2F4851-23D6-4650-91C9-D9A982E9B619}"
EndProject
Project("{FAE04EC0-301F-11D3-BF4B-00C04F79EFBC}") = "App.BLL.DTO", "App.BLL.DTO\App.BLL.DTO.csproj", "{A732FD7E-630C-4341-AD64-B9487D8EB4AD}"
EndProject
Project("{FAE04EC0-301F-11D3-BF4B-00C04F79EFBC}") = "App.Contracts.BLL", "App.Contracts.BLL\App.Contracts.BLL.csproj", "{8672146B-340D-4F5C-8484-9EC1251EBDBA}"
EndProject
Project("{FAE04EC0-301F-11D3-BF4B-00C04F79EFBC}") = "App.BLL", "App.BLL\App.BLL.csproj", "{01637204-66D3-41E7-972C-D65458468562}"
EndProject
Project("{FAE04EC0-301F-11D3-BF4B-00C04F79EFBC}") = "App.DTO", "App.DTO\App.DTO.csproj", "{6C4F67EC-C3ED-45F5-A28F-00892C0881AF}"
EndProject
Project("{FAE04EC0-301F-11D3-BF4B-00C04F79EFBC}") = "Base.Test", "Base.Test\Base.Test.csproj", "{0D54013B-3476-45B9-AFA7-F2E91BB307E8}"
EndProject
Project("{FAE04EC0-301F-11D3-BF4B-00C04F79EFBC}") = "App.Test", "App.Test\App.Test.csproj", "{E3BB70AE-B234-4ABE-AFAA-8097B45C6C26}"
EndProject
Project("{FAE04EC0-301F-11D3-BF4B-00C04F79EFBC}") = "Base.Resources", "Base.Resources\Base.Resources.csproj", "{B43193E2-25F0-4A00-A1C7-FE60F6DCC912}"
EndProject
Project("{FAE04EC0-301F-11D3-BF4B-00C04F79EFBC}") = "App.Resources", "App.Resources\App.Resources.csproj", "{18B5C8D5-043A-4C5B-92BC-4BDD02A37115}"
EndProject
Global
	GlobalSection(SolutionConfigurationPlatforms) = preSolution
		Debug|Any CPU = Debug|Any CPU
		Release|Any CPU = Release|Any CPU
	EndGlobalSection
	GlobalSection(ProjectConfigurationPlatforms) = postSolution
		{4EF27769-F5CD-4B60-AE4F-203043FED6B0}.Debug|Any CPU.ActiveCfg = Debug|Any CPU
		{4EF27769-F5CD-4B60-AE4F-203043FED6B0}.Debug|Any CPU.Build.0 = Debug|Any CPU
		{4EF27769-F5CD-4B60-AE4F-203043FED6B0}.Release|Any CPU.ActiveCfg = Release|Any CPU
		{4EF27769-F5CD-4B60-AE4F-203043FED6B0}.Release|Any CPU.Build.0 = Release|Any CPU
		{B4514FD5-00F6-413B-89C8-0DA776A80443}.Debug|Any CPU.ActiveCfg = Debug|Any CPU
		{B4514FD5-00F6-413B-89C8-0DA776A80443}.Debug|Any CPU.Build.0 = Debug|Any CPU
		{B4514FD5-00F6-413B-89C8-0DA776A80443}.Release|Any CPU.ActiveCfg = Release|Any CPU
		{B4514FD5-00F6-413B-89C8-0DA776A80443}.Release|Any CPU.Build.0 = Release|Any CPU
		{3AA0A65F-E1D3-428D-B886-8B61CFBB314E}.Debug|Any CPU.ActiveCfg = Debug|Any CPU
		{3AA0A65F-E1D3-428D-B886-8B61CFBB314E}.Debug|Any CPU.Build.0 = Debug|Any CPU
		{3AA0A65F-E1D3-428D-B886-8B61CFBB314E}.Release|Any CPU.ActiveCfg = Release|Any CPU
		{3AA0A65F-E1D3-428D-B886-8B61CFBB314E}.Release|Any CPU.Build.0 = Release|Any CPU
		{5D0BC1CC-2252-483E-BA5D-4017639FFAB4}.Debug|Any CPU.ActiveCfg = Debug|Any CPU
		{5D0BC1CC-2252-483E-BA5D-4017639FFAB4}.Debug|Any CPU.Build.0 = Debug|Any CPU
		{5D0BC1CC-2252-483E-BA5D-4017639FFAB4}.Release|Any CPU.ActiveCfg = Release|Any CPU
		{5D0BC1CC-2252-483E-BA5D-4017639FFAB4}.Release|Any CPU.Build.0 = Release|Any CPU
		{D712581F-6CA8-4F7B-AAC9-03AE7F17A86F}.Debug|Any CPU.ActiveCfg = Debug|Any CPU
		{D712581F-6CA8-4F7B-AAC9-03AE7F17A86F}.Debug|Any CPU.Build.0 = Debug|Any CPU
		{D712581F-6CA8-4F7B-AAC9-03AE7F17A86F}.Release|Any CPU.ActiveCfg = Release|Any CPU
		{D712581F-6CA8-4F7B-AAC9-03AE7F17A86F}.Release|Any CPU.Build.0 = Release|Any CPU
		{558DC457-0537-4F60-9AD1-AFCE74F93E08}.Debug|Any CPU.ActiveCfg = Debug|Any CPU
		{558DC457-0537-4F60-9AD1-AFCE74F93E08}.Debug|Any CPU.Build.0 = Debug|Any CPU
		{558DC457-0537-4F60-9AD1-AFCE74F93E08}.Release|Any CPU.ActiveCfg = Release|Any CPU
		{558DC457-0537-4F60-9AD1-AFCE74F93E08}.Release|Any CPU.Build.0 = Release|Any CPU
		{57FB0194-A73F-4C53-AEFF-3FEBFDFDC75D}.Debug|Any CPU.ActiveCfg = Debug|Any CPU
		{57FB0194-A73F-4C53-AEFF-3FEBFDFDC75D}.Debug|Any CPU.Build.0 = Debug|Any CPU
		{57FB0194-A73F-4C53-AEFF-3FEBFDFDC75D}.Release|Any CPU.ActiveCfg = Release|Any CPU
		{57FB0194-A73F-4C53-AEFF-3FEBFDFDC75D}.Release|Any CPU.Build.0 = Release|Any CPU
		{066F0861-CCE5-4ED5-B16E-DF2A0BE7AA1A}.Debug|Any CPU.ActiveCfg = Debug|Any CPU
		{066F0861-CCE5-4ED5-B16E-DF2A0BE7AA1A}.Debug|Any CPU.Build.0 = Debug|Any CPU
		{066F0861-CCE5-4ED5-B16E-DF2A0BE7AA1A}.Release|Any CPU.ActiveCfg = Release|Any CPU
		{066F0861-CCE5-4ED5-B16E-DF2A0BE7AA1A}.Release|Any CPU.Build.0 = Release|Any CPU
		{693406A8-0F89-4594-9141-5523ED47B5E6}.Debug|Any CPU.ActiveCfg = Debug|Any CPU
		{693406A8-0F89-4594-9141-5523ED47B5E6}.Debug|Any CPU.Build.0 = Debug|Any CPU
		{693406A8-0F89-4594-9141-5523ED47B5E6}.Release|Any CPU.ActiveCfg = Release|Any CPU
		{693406A8-0F89-4594-9141-5523ED47B5E6}.Release|Any CPU.Build.0 = Release|Any CPU
		{A50F293C-CBC8-40A1-B155-C6434109836D}.Debug|Any CPU.ActiveCfg = Debug|Any CPU
		{A50F293C-CBC8-40A1-B155-C6434109836D}.Debug|Any CPU.Build.0 = Debug|Any CPU
		{A50F293C-CBC8-40A1-B155-C6434109836D}.Release|Any CPU.ActiveCfg = Release|Any CPU
		{A50F293C-CBC8-40A1-B155-C6434109836D}.Release|Any CPU.Build.0 = Release|Any CPU
		{26767F67-E6F9-42CA-A40D-26327A52DC7A}.Debug|Any CPU.ActiveCfg = Debug|Any CPU
		{26767F67-E6F9-42CA-A40D-26327A52DC7A}.Debug|Any CPU.Build.0 = Debug|Any CPU
		{26767F67-E6F9-42CA-A40D-26327A52DC7A}.Release|Any CPU.ActiveCfg = Release|Any CPU
		{26767F67-E6F9-42CA-A40D-26327A52DC7A}.Release|Any CPU.Build.0 = Release|Any CPU
		{BE2F4851-23D6-4650-91C9-D9A982E9B619}.Debug|Any CPU.ActiveCfg = Debug|Any CPU
		{BE2F4851-23D6-4650-91C9-D9A982E9B619}.Debug|Any CPU.Build.0 = Debug|Any CPU
		{BE2F4851-23D6-4650-91C9-D9A982E9B619}.Release|Any CPU.ActiveCfg = Release|Any CPU
		{BE2F4851-23D6-4650-91C9-D9A982E9B619}.Release|Any CPU.Build.0 = Release|Any CPU
		{A732FD7E-630C-4341-AD64-B9487D8EB4AD}.Debug|Any CPU.ActiveCfg = Debug|Any CPU
		{A732FD7E-630C-4341-AD64-B9487D8EB4AD}.Debug|Any CPU.Build.0 = Debug|Any CPU
		{A732FD7E-630C-4341-AD64-B9487D8EB4AD}.Release|Any CPU.ActiveCfg = Release|Any CPU
		{A732FD7E-630C-4341-AD64-B9487D8EB4AD}.Release|Any CPU.Build.0 = Release|Any CPU
		{8672146B-340D-4F5C-8484-9EC1251EBDBA}.Debug|Any CPU.ActiveCfg = Debug|Any CPU
		{8672146B-340D-4F5C-8484-9EC1251EBDBA}.Debug|Any CPU.Build.0 = Debug|Any CPU
		{8672146B-340D-4F5C-8484-9EC1251EBDBA}.Release|Any CPU.ActiveCfg = Release|Any CPU
		{8672146B-340D-4F5C-8484-9EC1251EBDBA}.Release|Any CPU.Build.0 = Release|Any CPU
		{01637204-66D3-41E7-972C-D65458468562}.Debug|Any CPU.ActiveCfg = Debug|Any CPU
		{01637204-66D3-41E7-972C-D65458468562}.Debug|Any CPU.Build.0 = Debug|Any CPU
		{01637204-66D3-41E7-972C-D65458468562}.Release|Any CPU.ActiveCfg = Release|Any CPU
		{01637204-66D3-41E7-972C-D65458468562}.Release|Any CPU.Build.0 = Release|Any CPU
		{6C4F67EC-C3ED-45F5-A28F-00892C0881AF}.Debug|Any CPU.ActiveCfg = Debug|Any CPU
		{6C4F67EC-C3ED-45F5-A28F-00892C0881AF}.Debug|Any CPU.Build.0 = Debug|Any CPU
		{6C4F67EC-C3ED-45F5-A28F-00892C0881AF}.Release|Any CPU.ActiveCfg = Release|Any CPU
		{6C4F67EC-C3ED-45F5-A28F-00892C0881AF}.Release|Any CPU.Build.0 = Release|Any CPU
		{0D54013B-3476-45B9-AFA7-F2E91BB307E8}.Debug|Any CPU.ActiveCfg = Debug|Any CPU
		{0D54013B-3476-45B9-AFA7-F2E91BB307E8}.Debug|Any CPU.Build.0 = Debug|Any CPU
		{0D54013B-3476-45B9-AFA7-F2E91BB307E8}.Release|Any CPU.ActiveCfg = Release|Any CPU
		{0D54013B-3476-45B9-AFA7-F2E91BB307E8}.Release|Any CPU.Build.0 = Release|Any CPU
		{E3BB70AE-B234-4ABE-AFAA-8097B45C6C26}.Debug|Any CPU.ActiveCfg = Debug|Any CPU
		{E3BB70AE-B234-4ABE-AFAA-8097B45C6C26}.Debug|Any CPU.Build.0 = Debug|Any CPU
		{E3BB70AE-B234-4ABE-AFAA-8097B45C6C26}.Release|Any CPU.ActiveCfg = Release|Any CPU
		{E3BB70AE-B234-4ABE-AFAA-8097B45C6C26}.Release|Any CPU.Build.0 = Release|Any CPU
		{B43193E2-25F0-4A00-A1C7-FE60F6DCC912}.Debug|Any CPU.ActiveCfg = Debug|Any CPU
		{B43193E2-25F0-4A00-A1C7-FE60F6DCC912}.Debug|Any CPU.Build.0 = Debug|Any CPU
		{B43193E2-25F0-4A00-A1C7-FE60F6DCC912}.Release|Any CPU.ActiveCfg = Release|Any CPU
		{B43193E2-25F0-4A00-A1C7-FE60F6DCC912}.Release|Any CPU.Build.0 = Release|Any CPU
		{18B5C8D5-043A-4C5B-92BC-4BDD02A37115}.Debug|Any CPU.ActiveCfg = Debug|Any CPU
		{18B5C8D5-043A-4C5B-92BC-4BDD02A37115}.Debug|Any CPU.Build.0 = Debug|Any CPU
		{18B5C8D5-043A-4C5B-92BC-4BDD02A37115}.Release|Any CPU.ActiveCfg = Release|Any CPU
		{18B5C8D5-043A-4C5B-92BC-4BDD02A37115}.Release|Any CPU.Build.0 = Release|Any CPU
	EndGlobalSection
	GlobalSection(NestedProjects) = preSolution
		{B4514FD5-00F6-413B-89C8-0DA776A80443} = {3FC9DA82-82DF-4955-93D1-71CF33343213}
		{3AA0A65F-E1D3-428D-B886-8B61CFBB314E} = {709343D9-9A81-44BA-8D52-FEAD570CD812}
		{4EF27769-F5CD-4B60-AE4F-203043FED6B0} = {3FC9DA82-82DF-4955-93D1-71CF33343213}
		{5D0BC1CC-2252-483E-BA5D-4017639FFAB4} = {709343D9-9A81-44BA-8D52-FEAD570CD812}
		{D712581F-6CA8-4F7B-AAC9-03AE7F17A86F} = {3FC9DA82-82DF-4955-93D1-71CF33343213}
		{558DC457-0537-4F60-9AD1-AFCE74F93E08} = {709343D9-9A81-44BA-8D52-FEAD570CD812}
		{57FB0194-A73F-4C53-AEFF-3FEBFDFDC75D} = {709343D9-9A81-44BA-8D52-FEAD570CD812}
		{066F0861-CCE5-4ED5-B16E-DF2A0BE7AA1A} = {3FC9DA82-82DF-4955-93D1-71CF33343213}
		{693406A8-0F89-4594-9141-5523ED47B5E6} = {709343D9-9A81-44BA-8D52-FEAD570CD812}
		{A50F293C-CBC8-40A1-B155-C6434109836D} = {3FC9DA82-82DF-4955-93D1-71CF33343213}
		{26767F67-E6F9-42CA-A40D-26327A52DC7A} = {709343D9-9A81-44BA-8D52-FEAD570CD812}
		{BE2F4851-23D6-4650-91C9-D9A982E9B619} = {709343D9-9A81-44BA-8D52-FEAD570CD812}
		{A732FD7E-630C-4341-AD64-B9487D8EB4AD} = {3FC9DA82-82DF-4955-93D1-71CF33343213}
		{8672146B-340D-4F5C-8484-9EC1251EBDBA} = {3FC9DA82-82DF-4955-93D1-71CF33343213}
		{01637204-66D3-41E7-972C-D65458468562} = {3FC9DA82-82DF-4955-93D1-71CF33343213}
		{6C4F67EC-C3ED-45F5-A28F-00892C0881AF} = {3FC9DA82-82DF-4955-93D1-71CF33343213}
		{0D54013B-3476-45B9-AFA7-F2E91BB307E8} = {709343D9-9A81-44BA-8D52-FEAD570CD812}
		{E3BB70AE-B234-4ABE-AFAA-8097B45C6C26} = {3FC9DA82-82DF-4955-93D1-71CF33343213}
		{B43193E2-25F0-4A00-A1C7-FE60F6DCC912} = {709343D9-9A81-44BA-8D52-FEAD570CD812}
		{18B5C8D5-043A-4C5B-92BC-4BDD02A37115} = {3FC9DA82-82DF-4955-93D1-71CF33343213}
	EndGlobalSection
EndGlobal
